
Microsoft Visual Studio Solution File, Format Version 12.00
# Visual Studio Version 17
VisualStudioVersion = 17.3.32901.215
MinimumVisualStudioVersion = 10.0.40219.1
Project("{FAE04EC0-301F-11D3-BF4B-00C04F79EFBC}") = "Commander", "Commander\Commander.csproj", "{5AF1AEF0-D1AE-4E4C-8D61-07AAD6DE0FF7}"
EndProject
Global
	GlobalSection(SolutionConfigurationPlatforms) = preSolution
		Debug|Any CPU = Debug|Any CPU
		Release|Any CPU = Release|Any CPU
	EndGlobalSection
	GlobalSection(ProjectConfigurationPlatforms) = postSolution
		{5AF1AEF0-D1AE-4E4C-8D61-07AAD6DE0FF7}.Debug|Any CPU.ActiveCfg = Debug|Any CPU
		{5AF1AEF0-D1AE-4E4C-8D61-07AAD6DE0FF7}.Debug|Any CPU.Build.0 = Debug|Any CPU
		{5AF1AEF0-D1AE-4E4C-8D61-07AAD6DE0FF7}.Release|Any CPU.ActiveCfg = Release|Any CPU
		{5AF1AEF0-D1AE-4E4C-8D61-07AAD6DE0FF7}.Release|Any CPU.Build.0 = Release|Any CPU
	EndGlobalSection
	GlobalSection(SolutionProperties) = preSolution
		HideSolutionNode = FALSE
	EndGlobalSection
	GlobalSection(ExtensibilityGlobals) = postSolution
		SolutionGuid = {CC08312E-0E06-4FBC-A8A9-0675F60FAF42}
	EndGlobalSection
EndGlobal
